# This is a Gradle generated file for dependency locking.
# Manual edits can break the build and are not advised.
# This file is expected to be part of source control.
com.google.code.findbugs:jsr305:3.0.2=runtimeClasspath,testRuntimeClasspath
org.javassist:javassist:3.28.0-GA=runtimeClasspath,testRuntimeClasspath
org.jetbrains.kotlin:kotlin-stdlib-common:1.9.0=testRuntimeClasspath
org.jetbrains.kotlin:kotlin-stdlib-jdk7:1.9.0=testRuntimeClasspath
org.jetbrains.kotlin:kotlin-stdlib-jdk8:1.9.0=testRuntimeClasspath
org.jetbrains.kotlin:kotlin-stdlib:1.9.0=testRuntimeClasspath
org.jetbrains:annotations:13.0=testRuntimeClasspath
org.reflections:reflections:0.10.2=runtimeClasspath,testRuntimeClasspath
org.slf4j:slf4j-api:1.7.32=runtimeClasspath,testRuntimeClasspath
empty=
