# This is a Gradle generated file for dependency locking.
# Manual edits can break the build and are not advised.
# This file is expected to be part of source control.
com.github.curious-odd-man:rgxgen:2.0=testRuntimeClasspath
io.github.java-diff-utils:java-diff-utils:4.16=testRuntimeClasspath
io.github.pdvrieze.xmlutil:core-jvmcommon:0.91.3=testRuntimeClasspath
io.github.pdvrieze.xmlutil:core:0.91.3=testRuntimeClasspath
io.github.pdvrieze.xmlutil:serialization-jvm:0.91.3=testRuntimeClasspath
io.github.pdvrieze.xmlutil:serialization:0.91.3=testRuntimeClasspath
io.kotest:kotest-assertions-core-jvm:6.1.4=testRuntimeClasspath
io.kotest:kotest-assertions-core:6.1.4=testRuntimeClasspath
io.kotest:kotest-assertions-shared-jvm:6.1.4=testRuntimeClasspath
io.kotest:kotest-assertions-shared:6.1.4=testRuntimeClasspath
io.kotest:kotest-common-jvm:6.1.4=testRuntimeClasspath
io.kotest:kotest-common:6.1.4=testRuntimeClasspath
io.kotest:kotest-extensions-jvm:6.1.4=testRuntimeClasspath
io.kotest:kotest-extensions:6.1.4=testRuntimeClasspath
io.kotest:kotest-framework-engine-jvm:6.1.4=testRuntimeClasspath
io.kotest:kotest-framework-engine:6.1.4=testRuntimeClasspath
io.kotest:kotest-property-jvm:6.1.4=testRuntimeClasspath
io.kotest:kotest-property:6.1.4=testRuntimeClasspath
io.kotest:kotest-runner-junit-platform-jvm:6.1.4=testRuntimeClasspath
io.kotest:kotest-runner-junit-platform:6.1.4=testRuntimeClasspath
io.kotest:kotest-runner-junit5-jvm:6.1.4=testRuntimeClasspath
io.kotest:kotest-runner-junit5:6.1.4=testRuntimeClasspath
io.mockk:mockk-agent-api-jvm:1.14.9=testRuntimeClasspath
io.mockk:mockk-agent-api:1.14.9=testRuntimeClasspath
io.mockk:mockk-agent-jvm:1.14.9=testRuntimeClasspath
io.mockk:mockk-agent:1.14.9=testRuntimeClasspath
io.mockk:mockk-core-jvm:1.14.9=testRuntimeClasspath
io.mockk:mockk-core:1.14.9=testRuntimeClasspath
io.mockk:mockk-dsl-jvm:1.14.9=testRuntimeClasspath
io.mockk:mockk-dsl:1.14.9=testRuntimeClasspath
io.mockk:mockk-jvm:1.14.9=testRuntimeClasspath
io.mockk:mockk:1.14.9=testRuntimeClasspath
net.bytebuddy:byte-buddy-agent:1.18.2=testRuntimeClasspath
net.bytebuddy:byte-buddy:1.18.2=testRuntimeClasspath
net.java.dev.jna:jna-platform:5.9.0=testRuntimeClasspath
net.java.dev.jna:jna:5.9.0=testRuntimeClasspath
org.jetbrains.kotlin:kotlin-reflect:2.2.21=testRuntimeClasspath
org.jetbrains.kotlin:kotlin-stdlib:2.2.21=testRuntimeClasspath
org.jetbrains.kotlinx:kotlinx-coroutines-bom:1.10.2=testRuntimeClasspath
org.jetbrains.kotlinx:kotlinx-coroutines-core-jvm:1.10.2=testRuntimeClasspath
org.jetbrains.kotlinx:kotlinx-coroutines-core:1.10.2=testRuntimeClasspath
org.jetbrains.kotlinx:kotlinx-coroutines-debug:1.10.2=testRuntimeClasspath
org.jetbrains.kotlinx:kotlinx-coroutines-jdk8:1.10.2=testRuntimeClasspath
org.jetbrains.kotlinx:kotlinx-coroutines-test-jvm:1.10.2=testRuntimeClasspath
org.jetbrains.kotlinx:kotlinx-coroutines-test:1.10.2=testRuntimeClasspath
org.jetbrains.kotlinx:kotlinx-io-bytestring-jvm:0.7.0=testRuntimeClasspath
org.jetbrains.kotlinx:kotlinx-io-bytestring:0.7.0=testRuntimeClasspath
org.jetbrains.kotlinx:kotlinx-io-core-jvm:0.7.0=testRuntimeClasspath
org.jetbrains.kotlinx:kotlinx-io-core:0.7.0=testRuntimeClasspath
org.jetbrains.kotlinx:kotlinx-serialization-bom:1.9.0=testRuntimeClasspath
org.jetbrains.kotlinx:kotlinx-serialization-core-jvm:1.9.0=testRuntimeClasspath
org.jetbrains.kotlinx:kotlinx-serialization-core:1.9.0=testRuntimeClasspath
org.jetbrains:annotations:23.0.0=testRuntimeClasspath
org.junit.jupiter:junit-jupiter-api:6.0.3=testRuntimeClasspath
org.junit.jupiter:junit-jupiter-engine:6.0.3=testRuntimeClasspath
org.junit.jupiter:junit-jupiter-params:6.0.3=testRuntimeClasspath
org.junit.platform:junit-platform-commons:6.0.3=testRuntimeClasspath
org.junit.platform:junit-platform-engine:6.0.3=testRuntimeClasspath
org.junit.platform:junit-platform-launcher:6.0.3=testRuntimeClasspath
org.junit.platform:junit-platform-suite-api:6.0.3=testRuntimeClasspath
org.junit:junit-bom:6.0.3=testRuntimeClasspath
org.objenesis:objenesis:3.4=testRuntimeClasspath
org.opentest4j:opentest4j:1.3.0=testRuntimeClasspath
empty=runtimeClasspath
